
Microsoft Visual Studio Solution File, Format Version 12.00
# Visual Studio 15
VisualStudioVersion = 15.0.28307.168
MinimumVisualStudioVersion = 10.0.40219.1
Project("{FAE04EC0-301F-11D3-BF4B-00C04F79EFBC}") = "TipCalculation", "TipCalculation\TipCalculation.csproj", "{FAD9ED7D-52A2-45E7-A718-F6C5E8D55D5B}"
EndProject
Global
	GlobalSection(SolutionConfigurationPlatforms) = preSolution
		Debug|Any CPU = Debug|Any CPU
		Release|Any CPU = Release|Any CPU
	EndGlobalSection
	GlobalSection(ProjectConfigurationPlatforms) = postSolution
		{FAD9ED7D-52A2-45E7-A718-F6C5E8D55D5B}.Debug|Any CPU.ActiveCfg = Debug|Any CPU
		{FAD9ED7D-52A2-45E7-A718-F6C5E8D55D5B}.Debug|Any CPU.Build.0 = Debug|Any CPU
		{FAD9ED7D-52A2-45E7-A718-F6C5E8D55D5B}.Release|Any CPU.ActiveCfg = Release|Any CPU
		{FAD9ED7D-52A2-45E7-A718-F6C5E8D55D5B}.Release|Any CPU.Build.0 = Release|Any CPU
	EndGlobalSection
	GlobalSection(SolutionProperties) = preSolution
		HideSolutionNode = FALSE
	EndGlobalSection
	GlobalSection(ExtensibilityGlobals) = postSolution
		SolutionGuid = {36D5AA4A-C2AE-4D19-B333-3B0E6C731C25}
	EndGlobalSection
EndGlobal
